
Microsoft Visual Studio Solution File, Format Version 12.00
# Visual Studio 15
VisualStudioVersion = 15.0.27703.2026
MinimumVisualStudioVersion = 10.0.40219.1
Project("{FAE04EC0-301F-11D3-BF4B-00C04F79EFBC}") = "estimoteXamarin.Android", "estimoteXamarin\estimoteXamarin.Android\estimoteXamarin.Android.csproj", "{99DB704A-F6B8-4F0D-B1B2-60EAE8B3BD43}"
EndProject
Project("{FAE04EC0-301F-11D3-BF4B-00C04F79EFBC}") = "estimoteXamarin.iOS", "estimoteXamarin\estimoteXamarin.iOS\estimoteXamarin.iOS.csproj", "{1B863D0E-5CF1-4804-B3BE-F24302CAC2DA}"
EndProject
Project("{FAE04EC0-301F-11D3-BF4B-00C04F79EFBC}") = "estimoteXamarin", "estimoteXamarin\estimoteXamarin\estimoteXamarin.csproj", "{C4D0FD12-9B19-4416-9A8C-A8DFE149948C}"
EndProject
Project("{FAE04EC0-301F-11D3-BF4B-00C04F79EFBC}") = "Estimote.Android.Proximity", "estimoteXamarin\Estimote.Android.Proximity\Estimote.Android.Proximity.csproj", "{5A78455C-17B4-408D-AA3F-29DBFD9D595E}"
EndProject
Global
	GlobalSection(SolutionConfigurationPlatforms) = preSolution
		Ad-Hoc|Any CPU = Ad-Hoc|Any CPU
		Ad-Hoc|iPhone = Ad-Hoc|iPhone
		Ad-Hoc|iPhoneSimulator = Ad-Hoc|iPhoneSimulator
		AppStore|Any CPU = AppStore|Any CPU
		AppStore|iPhone = AppStore|iPhone
		AppStore|iPhoneSimulator = AppStore|iPhoneSimulator
		Debug|Any CPU = Debug|Any CPU
		Debug|iPhone = Debug|iPhone
		Debug|iPhoneSimulator = Debug|iPhoneSimulator
		Release|Any CPU = Release|Any CPU
		Release|iPhone = Release|iPhone
		Release|iPhoneSimulator = Release|iPhoneSimulator
	EndGlobalSection
	GlobalSection(ProjectConfigurationPlatforms) = postSolution
		{99DB704A-F6B8-4F0D-B1B2-60EAE8B3BD43}.Ad-Hoc|Any CPU.ActiveCfg = Release|Any CPU
		{99DB704A-F6B8-4F0D-B1B2-60EAE8B3BD43}.Ad-Hoc|Any CPU.Build.0 = Release|Any CPU
		{99DB704A-F6B8-4F0D-B1B2-60EAE8B3BD43}.Ad-Hoc|Any CPU.Deploy.0 = Release|Any CPU
		{99DB704A-F6B8-4F0D-B1B2-60EAE8B3BD43}.Ad-Hoc|iPhone.ActiveCfg = Release|Any CPU
		{99DB704A-F6B8-4F0D-B1B2-60EAE8B3BD43}.Ad-Hoc|iPhone.Build.0 = Release|Any CPU
		{99DB704A-F6B8-4F0D-B1B2-60EAE8B3BD43}.Ad-Hoc|iPhone.Deploy.0 = Release|Any CPU
		{99DB704A-F6B8-4F0D-B1B2-60EAE8B3BD43}.Ad-Hoc|iPhoneSimulator.ActiveCfg = Release|Any CPU
		{99DB704A-F6B8-4F0D-B1B2-60EAE8B3BD43}.Ad-Hoc|iPhoneSimulator.Build.0 = Release|Any CPU
		{99DB704A-F6B8-4F0D-B1B2-60EAE8B3BD43}.Ad-Hoc|iPhoneSimulator.Deploy.0 = Release|Any CPU
		{99DB704A-F6B8-4F0D-B1B2-60EAE8B3BD43}.AppStore|Any CPU.ActiveCfg = Release|Any CPU
		{99DB704A-F6B8-4F0D-B1B2-60EAE8B3BD43}.AppStore|Any CPU.Build.0 = Release|Any CPU
		{99DB704A-F6B8-4F0D-B1B2-60EAE8B3BD43}.AppStore|Any CPU.Deploy.0 = Release|Any CPU
		{99DB704A-F6B8-4F0D-B1B2-60EAE8B3BD43}.AppStore|iPhone.ActiveCfg = Release|Any CPU
		{99DB704A-F6B8-4F0D-B1B2-60EAE8B3BD43}.AppStore|iPhone.Build.0 = Release|Any CPU
		{99DB704A-F6B8-4F0D-B1B2-60EAE8B3BD43}.AppStore|iPhone.Deploy.0 = Release|Any CPU
		{99DB704A-F6B8-4F0D-B1B2-60EAE8B3BD43}.AppStore|iPhoneSimulator.ActiveCfg = Release|Any CPU
		{99DB704A-F6B8-4F0D-B1B2-60EAE8B3BD43}.AppStore|iPhoneSimulator.Build.0 = Release|Any CPU
		{99DB704A-F6B8-4F0D-B1B2-60EAE8B3BD43}.AppStore|iPhoneSimulator.Deploy.0 = Release|Any CPU
		{99DB704A-F6B8-4F0D-B1B2-60EAE8B3BD43}.Debug|Any CPU.ActiveCfg = Debug|Any CPU
		{99DB704A-F6B8-4F0D-B1B2-60EAE8B3BD43}.Debug|Any CPU.Build.0 = Debug|Any CPU
		{99DB704A-F6B8-4F0D-B1B2-60EAE8B3BD43}.Debug|Any CPU.Deploy.0 = Debug|Any CPU
		{99DB704A-F6B8-4F0D-B1B2-60EAE8B3BD43}.Debug|iPhone.ActiveCfg = Debug|Any CPU
		{99DB704A-F6B8-4F0D-B1B2-60EAE8B3BD43}.Debug|iPhone.Build.0 = Debug|Any CPU
		{99DB704A-F6B8-4F0D-B1B2-60EAE8B3BD43}.Debug|iPhone.Deploy.0 = Debug|Any CPU
		{99DB704A-F6B8-4F0D-B1B2-60EAE8B3BD43}.Debug|iPhoneSimulator.ActiveCfg = Debug|Any CPU
		{99DB704A-F6B8-4F0D-B1B2-60EAE8B3BD43}.Debug|iPhoneSimulator.Build.0 = Debug|Any CPU
		{99DB704A-F6B8-4F0D-B1B2-60EAE8B3BD43}.Debug|iPhoneSimulator.Deploy.0 = Debug|Any CPU
		{99DB704A-F6B8-4F0D-B1B2-60EAE8B3BD43}.Release|Any CPU.ActiveCfg = Release|Any CPU
		{99DB704A-F6B8-4F0D-B1B2-60EAE8B3BD43}.Release|Any CPU.Build.0 = Release|Any CPU
		{99DB704A-F6B8-4F0D-B1B2-60EAE8B3BD43}.Release|Any CPU.Deploy.0 = Release|Any CPU
		{99DB704A-F6B8-4F0D-B1B2-60EAE8B3BD43}.Release|iPhone.ActiveCfg = Release|Any CPU
		{99DB704A-F6B8-4F0D-B1B2-60EAE8B3BD43}.Release|iPhone.Build.0 = Release|Any CPU
		{99DB704A-F6B8-4F0D-B1B2-60EAE8B3BD43}.Release|iPhone.Deploy.0 = Release|Any CPU
		{99DB704A-F6B8-4F0D-B1B2-60EAE8B3BD43}.Release|iPhoneSimulator.ActiveCfg = Release|Any CPU
		{99DB704A-F6B8-4F0D-B1B2-60EAE8B3BD43}.Release|iPhoneSimulator.Build.0 = Release|Any CPU
		{99DB704A-F6B8-4F0D-B1B2-60EAE8B3BD43}.Release|iPhoneSimulator.Deploy.0 = Release|Any CPU
		{1B863D0E-5CF1-4804-B3BE-F24302CAC2DA}.Ad-Hoc|Any CPU.ActiveCfg = Ad-Hoc|iPhone
		{1B863D0E-5CF1-4804-B3BE-F24302CAC2DA}.Ad-Hoc|Any CPU.Build.0 = Ad-Hoc|iPhone
		{1B863D0E-5CF1-4804-B3BE-F24302CAC2DA}.Ad-Hoc|Any CPU.Deploy.0 = Ad-Hoc|iPhone
		{1B863D0E-5CF1-4804-B3BE-F24302CAC2DA}.Ad-Hoc|iPhone.ActiveCfg = Ad-Hoc|iPhone
		{1B863D0E-5CF1-4804-B3BE-F24302CAC2DA}.Ad-Hoc|iPhone.Build.0 = Ad-Hoc|iPhone
		{1B863D0E-5CF1-4804-B3BE-F24302CAC2DA}.Ad-Hoc|iPhone.Deploy.0 = Ad-Hoc|iPhone
		{1B863D0E-5CF1-4804-B3BE-F24302CAC2DA}.Ad-Hoc|iPhoneSimulator.ActiveCfg = Ad-Hoc|iPhoneSimulator
		{1B863D0E-5CF1-4804-B3BE-F24302CAC2DA}.Ad-Hoc|iPhoneSimulator.Build.0 = Ad-Hoc|iPhoneSimulator
		{1B863D0E-5CF1-4804-B3BE-F24302CAC2DA}.Ad-Hoc|iPhoneSimulator.Deploy.0 = Ad-Hoc|iPhoneSimulator
		{1B863D0E-5CF1-4804-B3BE-F24302CAC2DA}.AppStore|Any CPU.ActiveCfg = AppStore|iPhone
		{1B863D0E-5CF1-4804-B3BE-F24302CAC2DA}.AppStore|Any CPU.Build.0 = AppStore|iPhone
		{1B863D0E-5CF1-4804-B3BE-F24302CAC2DA}.AppStore|Any CPU.Deploy.0 = AppStore|iPhone
		{1B863D0E-5CF1-4804-B3BE-F24302CAC2DA}.AppStore|iPhone.ActiveCfg = AppStore|iPhone
		{1B863D0E-5CF1-4804-B3BE-F24302CAC2DA}.AppStore|iPhone.Build.0 = AppStore|iPhone
		{1B863D0E-5CF1-4804-B3BE-F24302CAC2DA}.AppStore|iPhone.Deploy.0 = AppStore|iPhone
		{1B863D0E-5CF1-4804-B3BE-F24302CAC2DA}.AppStore|iPhoneSimulator.ActiveCfg = AppStore|iPhoneSimulator
		{1B863D0E-5CF1-4804-B3BE-F24302CAC2DA}.AppStore|iPhoneSimulator.Build.0 = AppStore|iPhoneSimulator
		{1B863D0E-5CF1-4804-B3BE-F24302CAC2DA}.AppStore|iPhoneSimulator.Deploy.0 = AppStore|iPhoneSimulator
		{1B863D0E-5CF1-4804-B3BE-F24302CAC2DA}.Debug|Any CPU.ActiveCfg = Debug|iPhone
		{1B863D0E-5CF1-4804-B3BE-F24302CAC2DA}.Debug|Any CPU.Build.0 = Debug|iPhone
		{1B863D0E-5CF1-4804-B3BE-F24302CAC2DA}.Debug|Any CPU.Deploy.0 = Debug|iPhone
		{1B863D0E-5CF1-4804-B3BE-F24302CAC2DA}.Debug|iPhone.ActiveCfg = Debug|iPhone
		{1B863D0E-5CF1-4804-B3BE-F24302CAC2DA}.Debug|iPhone.Build.0 = Debug|iPhone
		{1B863D0E-5CF1-4804-B3BE-F24302CAC2DA}.Debug|iPhone.Deploy.0 = Debug|iPhone
		{1B863D0E-5CF1-4804-B3BE-F24302CAC2DA}.Debug|iPhoneSimulator.ActiveCfg = Debug|iPhoneSimulator
		{1B863D0E-5CF1-4804-B3BE-F24302CAC2DA}.Debug|iPhoneSimulator.Build.0 = Debug|iPhoneSimulator
		{1B863D0E-5CF1-4804-B3BE-F24302CAC2DA}.Debug|iPhoneSimulator.Deploy.0 = Debug|iPhoneSimulator
		{1B863D0E-5CF1-4804-B3BE-F24302CAC2DA}.Release|Any CPU.ActiveCfg = Release|iPhone
		{1B863D0E-5CF1-4804-B3BE-F24302CAC2DA}.Release|Any CPU.Build.0 = Release|iPhone
		{1B863D0E-5CF1-4804-B3BE-F24302CAC2DA}.Release|Any CPU.Deploy.0 = Release|iPhone
		{1B863D0E-5CF1-4804-B3BE-F24302CAC2DA}.Release|iPhone.ActiveCfg = Release|iPhone
		{1B863D0E-5CF1-4804-B3BE-F24302CAC2DA}.Release|iPhone.Build.0 = Release|iPhone
		{1B863D0E-5CF1-4804-B3BE-F24302CAC2DA}.Release|iPhone.Deploy.0 = Release|iPhone
		{1B863D0E-5CF1-4804-B3BE-F24302CAC2DA}.Release|iPhoneSimulator.ActiveCfg = Release|iPhoneSimulator
		{1B863D0E-5CF1-4804-B3BE-F24302CAC2DA}.Release|iPhoneSimulator.Build.0 = Release|iPhoneSimulator
		{1B863D0E-5CF1-4804-B3BE-F24302CAC2DA}.Release|iPhoneSimulator.Deploy.0 = Release|iPhoneSimulator
		{C4D0FD12-9B19-4416-9A8C-A8DFE149948C}.Ad-Hoc|Any CPU.ActiveCfg = Debug|Any CPU
		{C4D0FD12-9B19-4416-9A8C-A8DFE149948C}.Ad-Hoc|Any CPU.Build.0 = Debug|Any CPU
		{C4D0FD12-9B19-4416-9A8C-A8DFE149948C}.Ad-Hoc|Any CPU.Deploy.0 = Debug|Any CPU
		{C4D0FD12-9B19-4416-9A8C-A8DFE149948C}.Ad-Hoc|iPhone.ActiveCfg = Debug|Any CPU
		{C4D0FD12-9B19-4416-9A8C-A8DFE149948C}.Ad-Hoc|iPhone.Build.0 = Debug|Any CPU
		{C4D0FD12-9B19-4416-9A8C-A8DFE149948C}.Ad-Hoc|iPhone.Deploy.0 = Debug|Any CPU
		{C4D0FD12-9B19-4416-9A8C-A8DFE149948C}.Ad-Hoc|iPhoneSimulator.ActiveCfg = Debug|Any CPU
		{C4D0FD12-9B19-4416-9A8C-A8DFE149948C}.Ad-Hoc|iPhoneSimulator.Build.0 = Debug|Any CPU
		{C4D0FD12-9B19-4416-9A8C-A8DFE149948C}.Ad-Hoc|iPhoneSimulator.Deploy.0 = Debug|Any CPU
		{C4D0FD12-9B19-4416-9A8C-A8DFE149948C}.AppStore|Any CPU.ActiveCfg = Debug|Any CPU
		{C4D0FD12-9B19-4416-9A8C-A8DFE149948C}.AppStore|Any CPU.Build.0 = Debug|Any CPU
		{C4D0FD12-9B19-4416-9A8C-A8DFE149948C}.AppStore|Any CPU.Deploy.0 = Debug|Any CPU
		{C4D0FD12-9B19-4416-9A8C-A8DFE149948C}.AppStore|iPhone.ActiveCfg = Debug|Any CPU
		{C4D0FD12-9B19-4416-9A8C-A8DFE149948C}.AppStore|iPhone.Build.0 = Debug|Any CPU
		{C4D0FD12-9B19-4416-9A8C-A8DFE149948C}.AppStore|iPhone.Deploy.0 = Debug|Any CPU
		{C4D0FD12-9B19-4416-9A8C-A8DFE149948C}.AppStore|iPhoneSimulator.ActiveCfg = Debug|Any CPU
		{C4D0FD12-9B19-4416-9A8C-A8DFE149948C}.AppStore|iPhoneSimulator.Build.0 = Debug|Any CPU
		{C4D0FD12-9B19-4416-9A8C-A8DFE149948C}.AppStore|iPhoneSimulator.Deploy.0 = Debug|Any CPU
		{C4D0FD12-9B19-4416-9A8C-A8DFE149948C}.Debug|Any CPU.ActiveCfg = Debug|Any CPU
		{C4D0FD12-9B19-4416-9A8C-A8DFE149948C}.Debug|Any CPU.Build.0 = Debug|Any CPU
		{C4D0FD12-9B19-4416-9A8C-A8DFE149948C}.Debug|Any CPU.Deploy.0 = Debug|Any CPU
		{C4D0FD12-9B19-4416-9A8C-A8DFE149948C}.Debug|iPhone.ActiveCfg = Debug|Any CPU
		{C4D0FD12-9B19-4416-9A8C-A8DFE149948C}.Debug|iPhone.Build.0 = Debug|Any CPU
		{C4D0FD12-9B19-4416-9A8C-A8DFE149948C}.Debug|iPhone.Deploy.0 = Debug|Any CPU
		{C4D0FD12-9B19-4416-9A8C-A8DFE149948C}.Debug|iPhoneSimulator.ActiveCfg = Debug|Any CPU
		{C4D0FD12-9B19-4416-9A8C-A8DFE149948C}.Debug|iPhoneSimulator.Build.0 = Debug|Any CPU
		{C4D0FD12-9B19-4416-9A8C-A8DFE149948C}.Debug|iPhoneSimulator.Deploy.0 = Debug|Any CPU
		{C4D0FD12-9B19-4416-9A8C-A8DFE149948C}.Release|Any CPU.ActiveCfg = Release|Any CPU
		{C4D0FD12-9B19-4416-9A8C-A8DFE149948C}.Release|Any CPU.Build.0 = Release|Any CPU
		{C4D0FD12-9B19-4416-9A8C-A8DFE149948C}.Release|Any CPU.Deploy.0 = Release|Any CPU
		{C4D0FD12-9B19-4416-9A8C-A8DFE149948C}.Release|iPhone.ActiveCfg = Release|Any CPU
		{C4D0FD12-9B19-4416-9A8C-A8DFE149948C}.Release|iPhone.Build.0 = Release|Any CPU
		{C4D0FD12-9B19-4416-9A8C-A8DFE149948C}.Release|iPhone.Deploy.0 = Release|Any CPU
		{C4D0FD12-9B19-4416-9A8C-A8DFE149948C}.Release|iPhoneSimulator.ActiveCfg = Release|Any CPU
		{C4D0FD12-9B19-4416-9A8C-A8DFE149948C}.Release|iPhoneSimulator.Build.0 = Release|Any CPU
		{C4D0FD12-9B19-4416-9A8C-A8DFE149948C}.Release|iPhoneSimulator.Deploy.0 = Release|Any CPU
		{5A78455C-17B4-408D-AA3F-29DBFD9D595E}.Ad-Hoc|Any CPU.ActiveCfg = Release|Any CPU
		{5A78455C-17B4-408D-AA3F-29DBFD9D595E}.Ad-Hoc|Any CPU.Build.0 = Release|Any CPU
		{5A78455C-17B4-408D-AA3F-29DBFD9D595E}.Ad-Hoc|iPhone.ActiveCfg = Release|Any CPU
		{5A78455C-17B4-408D-AA3F-29DBFD9D595E}.Ad-Hoc|iPhone.Build.0 = Release|Any CPU
		{5A78455C-17B4-408D-AA3F-29DBFD9D595E}.Ad-Hoc|iPhoneSimulator.ActiveCfg = Release|Any CPU
		{5A78455C-17B4-408D-AA3F-29DBFD9D595E}.Ad-Hoc|iPhoneSimulator.Build.0 = Release|Any CPU
		{5A78455C-17B4-408D-AA3F-29DBFD9D595E}.AppStore|Any CPU.ActiveCfg = Release|Any CPU
		{5A78455C-17B4-408D-AA3F-29DBFD9D595E}.AppStore|Any CPU.Build.0 = Release|Any CPU
		{5A78455C-17B4-408D-AA3F-29DBFD9D595E}.AppStore|iPhone.ActiveCfg = Release|Any CPU
		{5A78455C-17B4-408D-AA3F-29DBFD9D595E}.AppStore|iPhone.Build.0 = Release|Any CPU
		{5A78455C-17B4-408D-AA3F-29DBFD9D595E}.AppStore|iPhoneSimulator.ActiveCfg = Release|Any CPU
		{5A78455C-17B4-408D-AA3F-29DBFD9D595E}.AppStore|iPhoneSimulator.Build.0 = Release|Any CPU
		{5A78455C-17B4-408D-AA3F-29DBFD9D595E}.Debug|Any CPU.ActiveCfg = Debug|Any CPU
		{5A78455C-17B4-408D-AA3F-29DBFD9D595E}.Debug|Any CPU.Build.0 = Debug|Any CPU
		{5A78455C-17B4-408D-AA3F-29DBFD9D595E}.Debug|iPhone.ActiveCfg = Debug|Any CPU
		{5A78455C-17B4-408D-AA3F-29DBFD9D595E}.Debug|iPhone.Build.0 = Debug|Any CPU
		{5A78455C-17B4-408D-AA3F-29DBFD9D595E}.Debug|iPhoneSimulator.ActiveCfg = Debug|Any CPU
		{5A78455C-17B4-408D-AA3F-29DBFD9D595E}.Debug|iPhoneSimulator.Build.0 = Debug|Any CPU
		{5A78455C-17B4-408D-AA3F-29DBFD9D595E}.Release|Any CPU.ActiveCfg = Release|Any CPU
		{5A78455C-17B4-408D-AA3F-29DBFD9D595E}.Release|Any CPU.Build.0 = Release|Any CPU
		{5A78455C-17B4-408D-AA3F-29DBFD9D595E}.Release|iPhone.ActiveCfg = Release|Any CPU
		{5A78455C-17B4-408D-AA3F-29DBFD9D595E}.Release|iPhone.Build.0 = Release|Any CPU
		{5A78455C-17B4-408D-AA3F-29DBFD9D595E}.Release|iPhoneSimulator.ActiveCfg = Release|Any CPU
		{5A78455C-17B4-408D-AA3F-29DBFD9D595E}.Release|iPhoneSimulator.Build.0 = Release|Any CPU
	EndGlobalSection
	GlobalSection(SolutionProperties) = preSolution
		HideSolutionNode = FALSE
	EndGlobalSection
	GlobalSection(ExtensibilityGlobals) = postSolution
		SolutionGuid = {EB1D4F5E-B163-45F1-9202-E213D83702B3}
	EndGlobalSection
EndGlobal
